
Microsoft Visual Studio Solution File, Format Version 12.00
# Visual Studio Version 17
VisualStudioVersion = 17.0.31903.59
MinimumVisualStudioVersion = 10.0.40219.1
Project("{FAE04EC0-301F-11D3-BF4B-00C04F79EFBC}") = "Desafio.Api", "Desafio.Api\Desafio.Api.csproj", "{9767D45A-F565-4FEA-908F-6D3BCA8D572F}"
EndProject
Project("{FAE04EC0-301F-11D3-BF4B-00C04F79EFBC}") = "Desafio.Api.Tests", "Desafio.Api.Tests\Desafio.Api.Tests.csproj", "{FE3E7A3A-830B-4D8E-B0CC-230ABD52B4E6}"
EndProject
Global
	GlobalSection(SolutionConfigurationPlatforms) = preSolution
		Debug|Any CPU = Debug|Any CPU
		Debug|x64 = Debug|x64
		Debug|x86 = Debug|x86
		Release|Any CPU = Release|Any CPU
		Release|x64 = Release|x64
		Release|x86 = Release|x86
	EndGlobalSection
	GlobalSection(ProjectConfigurationPlatforms) = postSolution
		{9767D45A-F565-4FEA-908F-6D3BCA8D572F}.Debug|Any CPU.ActiveCfg = Debug|Any CPU
		{9767D45A-F565-4FEA-908F-6D3BCA8D572F}.Debug|Any CPU.Build.0 = Debug|Any CPU
		{9767D45A-F565-4FEA-908F-6D3BCA8D572F}.Debug|x64.ActiveCfg = Debug|Any CPU
		{9767D45A-F565-4FEA-908F-6D3BCA8D572F}.Debug|x64.Build.0 = Debug|Any CPU
		{9767D45A-F565-4FEA-908F-6D3BCA8D572F}.Debug|x86.ActiveCfg = Debug|Any CPU
		{9767D45A-F565-4FEA-908F-6D3BCA8D572F}.Debug|x86.Build.0 = Debug|Any CPU
		{9767D45A-F565-4FEA-908F-6D3BCA8D572F}.Release|Any CPU.ActiveCfg = Release|Any CPU
		{9767D45A-F565-4FEA-908F-6D3BCA8D572F}.Release|Any CPU.Build.0 = Release|Any CPU
		{9767D45A-F565-4FEA-908F-6D3BCA8D572F}.Release|x64.ActiveCfg = Release|Any CPU
		{9767D45A-F565-4FEA-908F-6D3BCA8D572F}.Release|x64.Build.0 = Release|Any CPU
		{9767D45A-F565-4FEA-908F-6D3BCA8D572F}.Release|x86.ActiveCfg = Release|Any CPU
		{9767D45A-F565-4FEA-908F-6D3BCA8D572F}.Release|x86.Build.0 = Release|Any CPU
		{FE3E7A3A-830B-4D8E-B0CC-230ABD52B4E6}.Debug|Any CPU.ActiveCfg = Debug|Any CPU
		{FE3E7A3A-830B-4D8E-B0CC-230ABD52B4E6}.Debug|Any CPU.Build.0 = Debug|Any CPU
		{FE3E7A3A-830B-4D8E-B0CC-230ABD52B4E6}.Debug|x64.ActiveCfg = Debug|Any CPU
		{FE3E7A3A-830B-4D8E-B0CC-230ABD52B4E6}.Debug|x64.Build.0 = Debug|Any CPU
		{FE3E7A3A-830B-4D8E-B0CC-230ABD52B4E6}.Debug|x86.ActiveCfg = Debug|Any CPU
		{FE3E7A3A-830B-4D8E-B0CC-230ABD52B4E6}.Debug|x86.Build.0 = Debug|Any CPU
		{FE3E7A3A-830B-4D8E-B0CC-230ABD52B4E6}.Release|Any CPU.ActiveCfg = Release|Any CPU
		{FE3E7A3A-830B-4D8E-B0CC-230ABD52B4E6}.Release|Any CPU.Build.0 = Release|Any CPU
		{FE3E7A3A-830B-4D8E-B0CC-230ABD52B4E6}.Release|x64.ActiveCfg = Release|Any CPU
		{FE3E7A3A-830B-4D8E-B0CC-230ABD52B4E6}.Release|x64.Build.0 = Release|Any CPU
		{FE3E7A3A-830B-4D8E-B0CC-230ABD52B4E6}.Release|x86.ActiveCfg = Release|Any CPU
		{FE3E7A3A-830B-4D8E-B0CC-230ABD52B4E6}.Release|x86.Build.0 = Release|Any CPU
	EndGlobalSection
	GlobalSection(SolutionProperties) = preSolution
		HideSolutionNode = FALSE
	EndGlobalSection
EndGlobal
